// !$*UTF8*$!
{
	archiveVersion = 1;
	classes = {
	};
	objectVersion = 55;
	objects = {

/* Begin PBXBuildFile section */
		2D0B8567282565BF00856BCB /* PartChurn_Predictor.xcdatamodeld in Sources */ = {isa = PBXBuildFile; fileRef = 2D0B8554282565BD00856BCB /* PartChurn_Predictor.xcdatamodeld */; };
		2D0B8568282565BF00856BCB /* PartChurn_Predictor.xcdatamodeld in Sources */ = {isa = PBXBuildFile; fileRef = 2D0B8554282565BD00856BCB /* PartChurn_Predictor.xcdatamodeld */; };
		2D0B8569282565BF00856BCB /* PartChurn_PredictorApp.swift in Sources */ = {isa = PBXBuildFile; fileRef = 2D0B8556282565BD00856BCB /* PartChurn_PredictorApp.swift */; };
		2D0B856A282565BF00856BCB /* PartChurn_PredictorApp.swift in Sources */ = {isa = PBXBuildFile; fileRef = 2D0B8556282565BD00856BCB /* PartChurn_PredictorApp.swift */; };
		2D0B856D282565BF00856BCB /* Persistence.swift in Sources */ = {isa = PBXBuildFile; fileRef = 2D0B8558282565BD00856BCB /* Persistence.swift */; };
		2D0B856E282565BF00856BCB /* Persistence.swift in Sources */ = {isa = PBXBuildFile; fileRef = 2D0B8558282565BD00856BCB /* Persistence.swift */; };
		2D0B856F282565BF00856BCB /* Assets.xcassets in Resources */ = {isa = PBXBuildFile; fileRef = 2D0B8559282565BF00856BCB /* Assets.xcassets */; };
		2D0B8570282565BF00856BCB /* Assets.xcassets in Resources */ = {isa = PBXBuildFile; fileRef = 2D0B8559282565BF00856BCB /* Assets.xcassets */; };
		2D1A9EF728295D5B00639143 /* LinearMarsHabitatPricer.mlmodel in Sources */ = {isa = PBXBuildFile; fileRef = 2D1A9EF628295D5B00639143 /* LinearMarsHabitatPricer.mlmodel */; };
		2D1A9EF828295D5B00639143 /* LinearMarsHabitatPricer.mlmodel in Sources */ = {isa = PBXBuildFile; fileRef = 2D1A9EF628295D5B00639143 /* LinearMarsHabitatPricer.mlmodel */; };
		2D1A9EFA28295DEA00639143 /* MarsHabitatPricer.mlmodel in Sources */ = {isa = PBXBuildFile; fileRef = 2D1A9EF928295DEA00639143 /* MarsHabitatPricer.mlmodel */; };
		2D1A9EFB28295DEA00639143 /* MarsHabitatPricer.mlmodel in Sources */ = {isa = PBXBuildFile; fileRef = 2D1A9EF928295DEA00639143 /* MarsHabitatPricer.mlmodel */; };
		2D288AC12829793B0078647E /* Trainer.swift in Sources */ = {isa = PBXBuildFile; fileRef = 2D288AC02829793B0078647E /* Trainer.swift */; };
		2D288AC22829793B0078647E /* Trainer.swift in Sources */ = {isa = PBXBuildFile; fileRef = 2D288AC02829793B0078647E /* Trainer.swift */; };
		2DA77EBE282569DC007EC3E5 /* DirectoryView.swift in Sources */ = {isa = PBXBuildFile; fileRef = 2DA77EBD282569DC007EC3E5 /* DirectoryView.swift */; };
		2DA77EBF282569DC007EC3E5 /* DirectoryView.swift in Sources */ = {isa = PBXBuildFile; fileRef = 2DA77EBD282569DC007EC3E5 /* DirectoryView.swift */; };
		2DA77ED328256E8A007EC3E5 /* Model.swift in Sources */ = {isa = PBXBuildFile; fileRef = 2DA77ED228256E89007EC3E5 /* Model.swift */; };
		2DA77ED428256E8A007EC3E5 /* Model.swift in Sources */ = {isa = PBXBuildFile; fileRef = 2DA77ED228256E89007EC3E5 /* Model.swift */; };
		2DA77ED628256E9D007EC3E5 /* Storage.swift in Sources */ = {isa = PBXBuildFile; fileRef = 2DA77ED528256E9D007EC3E5 /* Storage.swift */; };
		2DA77ED728256E9D007EC3E5 /* Storage.swift in Sources */ = {isa = PBXBuildFile; fileRef = 2DA77ED528256E9D007EC3E5 /* Storage.swift */; };
		2DA77EDA28256EE5007EC3E5 /* GenericViewModel.swift in Sources */ = {isa = PBXBuildFile; fileRef = 2DA77ED928256EE5007EC3E5 /* GenericViewModel.swift */; };
		2DA77EDB28256EE5007EC3E5 /* GenericViewModel.swift in Sources */ = {isa = PBXBuildFile; fileRef = 2DA77ED928256EE5007EC3E5 /* GenericViewModel.swift */; };
		2DA77EDE28256F09007EC3E5 /* EntityAttributeInfo.swift in Sources */ = {isa = PBXBuildFile; fileRef = 2DA77EDD28256F09007EC3E5 /* EntityAttributeInfo.swift */; };
		2DA77EDF28256F09007EC3E5 /* EntityAttributeInfo.swift in Sources */ = {isa = PBXBuildFile; fileRef = 2DA77EDD28256F09007EC3E5 /* EntityAttributeInfo.swift */; };
		2DA77EE128256F16007EC3E5 /* BaseServices.swift in Sources */ = {isa = PBXBuildFile; fileRef = 2DA77EE028256F16007EC3E5 /* BaseServices.swift */; };
		2DA77EE228256F16007EC3E5 /* BaseServices.swift in Sources */ = {isa = PBXBuildFile; fileRef = 2DA77EE028256F16007EC3E5 /* BaseServices.swift */; };
		2DA77EE528256F52007EC3E5 /* ColumnsModel.swift in Sources */ = {isa = PBXBuildFile; fileRef = 2DA77EE428256F52007EC3E5 /* ColumnsModel.swift */; };
		2DA77EE628256F52007EC3E5 /* ColumnsModel.swift in Sources */ = {isa = PBXBuildFile; fileRef = 2DA77EE428256F52007EC3E5 /* ColumnsModel.swift */; };
		2DA77EE82825716A007EC3E5 /* ModelsModel.swift in Sources */ = {isa = PBXBuildFile; fileRef = 2DA77EE72825716A007EC3E5 /* ModelsModel.swift */; };
		2DA77EE92825716A007EC3E5 /* ModelsModel.swift in Sources */ = {isa = PBXBuildFile; fileRef = 2DA77EE72825716A007EC3E5 /* ModelsModel.swift */; };
		2DA77EEB2825721B007EC3E5 /* ValuesModel.swift in Sources */ = {isa = PBXBuildFile; fileRef = 2DA77EEA2825721B007EC3E5 /* ValuesModel.swift */; };
		2DA77EEC2825721B007EC3E5 /* ValuesModel.swift in Sources */ = {isa = PBXBuildFile; fileRef = 2DA77EEA2825721B007EC3E5 /* ValuesModel.swift */; };
		2DA77EEF282576AA007EC3E5 /* ImportView.swift in Sources */ = {isa = PBXBuildFile; fileRef = 2DA77EEE282576AA007EC3E5 /* ImportView.swift */; };
		2DA77EF0282576AA007EC3E5 /* ImportView.swift in Sources */ = {isa = PBXBuildFile; fileRef = 2DA77EEE282576AA007EC3E5 /* ImportView.swift */; };
		2DA77EF328257710007EC3E5 /* CSV in Frameworks */ = {isa = PBXBuildFile; productRef = 2DA77EF228257710007EC3E5 /* CSV */; };
		2DA77EF628257732007EC3E5 /* CSV in Frameworks */ = {isa = PBXBuildFile; productRef = 2DA77EF528257732007EC3E5 /* CSV */; };
		2DA77EF828257B97007EC3E5 /* CSV_Importer.swift in Sources */ = {isa = PBXBuildFile; fileRef = 2DA77EF728257B97007EC3E5 /* CSV_Importer.swift */; };
		2DA77EF928257B97007EC3E5 /* CSV_Importer.swift in Sources */ = {isa = PBXBuildFile; fileRef = 2DA77EF728257B97007EC3E5 /* CSV_Importer.swift */; };
		2DA77EFC28258384007EC3E5 /* Extensions.swift in Sources */ = {isa = PBXBuildFile; fileRef = 2DA77EFB28258384007EC3E5 /* Extensions.swift */; };
		2DA77EFD28258384007EC3E5 /* Extensions.swift in Sources */ = {isa = PBXBuildFile; fileRef = 2DA77EFB28258384007EC3E5 /* Extensions.swift */; };
		2DA77EFF28266B32007EC3E5 /* FilesModel.swift in Sources */ = {isa = PBXBuildFile; fileRef = 2DA77EFE28266B32007EC3E5 /* FilesModel.swift */; };
		2DA77F0028266B32007EC3E5 /* FilesModel.swift in Sources */ = {isa = PBXBuildFile; fileRef = 2DA77EFE28266B32007EC3E5 /* FilesModel.swift */; };
		2DA77F022827E1DD007EC3E5 /* ModelsView.swift in Sources */ = {isa = PBXBuildFile; fileRef = 2DA77F012827E1DD007EC3E5 /* ModelsView.swift */; };
		2DA77F032827E1DD007EC3E5 /* ModelsView.swift in Sources */ = {isa = PBXBuildFile; fileRef = 2DA77F012827E1DD007EC3E5 /* ModelsView.swift */; };
/* End PBXBuildFile section */

/* Begin PBXFileReference section */
		2D0B8555282565BD00856BCB /* Shared.xcdatamodel */ = {isa = PBXFileReference; lastKnownFileType = wrapper.xcdatamodel; path = Shared.xcdatamodel; sourceTree = "<group>"; };
		2D0B8556282565BD00856BCB /* PartChurn_PredictorApp.swift */ = {isa = PBXFileReference; lastKnownFileType = sourcecode.swift; path = PartChurn_PredictorApp.swift; sourceTree = "<group>"; };
		2D0B8558282565BD00856BCB /* Persistence.swift */ = {isa = PBXFileReference; lastKnownFileType = sourcecode.swift; path = Persistence.swift; sourceTree = "<group>"; };
		2D0B8559282565BF00856BCB /* Assets.xcassets */ = {isa = PBXFileReference; lastKnownFileType = folder.assetcatalog; path = Assets.xcassets; sourceTree = "<group>"; };
		2D0B855E282565BF00856BCB /* PartChurn Predictor.app */ = {isa = PBXFileReference; explicitFileType = wrapper.application; includeInIndex = 0; path = "PartChurn Predictor.app"; sourceTree = BUILT_PRODUCTS_DIR; };
		2D0B8564282565BF00856BCB /* PartChurn Predictor.app */ = {isa = PBXFileReference; explicitFileType = wrapper.application; includeInIndex = 0; path = "PartChurn Predictor.app"; sourceTree = BUILT_PRODUCTS_DIR; };
		2D0B8566282565BF00856BCB /* macOS.entitlements */ = {isa = PBXFileReference; lastKnownFileType = text.plist.entitlements; path = macOS.entitlements; sourceTree = "<group>"; };
		2D1A9EF628295D5B00639143 /* LinearMarsHabitatPricer.mlmodel */ = {isa = PBXFileReference; lastKnownFileType = file.mlmodel; name = LinearMarsHabitatPricer.mlmodel; path = ../../../../../../Desktop/LinearMarsHabitatPricer.mlmodel; sourceTree = "<group>"; };
		2D1A9EF928295DEA00639143 /* MarsHabitatPricer.mlmodel */ = {isa = PBXFileReference; lastKnownFileType = file.mlmodel; path = MarsHabitatPricer.mlmodel; sourceTree = "<group>"; };
		2D288AC02829793B0078647E /* Trainer.swift */ = {isa = PBXFileReference; lastKnownFileType = sourcecode.swift; path = Trainer.swift; sourceTree = "<group>"; };
		2DA77EBD282569DC007EC3E5 /* DirectoryView.swift */ = {isa = PBXFileReference; lastKnownFileType = sourcecode.swift; path = DirectoryView.swift; sourceTree = "<group>"; };
		2DA77ED228256E89007EC3E5 /* Model.swift */ = {isa = PBXFileReference; fileEncoding = 4; lastKnownFileType = sourcecode.swift; path = Model.swift; sourceTree = "<group>"; };
		2DA77ED528256E9D007EC3E5 /* Storage.swift */ = {isa = PBXFileReference; fileEncoding = 4; lastKnownFileType = sourcecode.swift; path = Storage.swift; sourceTree = "<group>"; };
		2DA77ED928256EE5007EC3E5 /* GenericViewModel.swift */ = {isa = PBXFileReference; fileEncoding = 4; lastKnownFileType = sourcecode.swift; path = GenericViewModel.swift; sourceTree = "<group>"; };
		2DA77EDD28256F09007EC3E5 /* EntityAttributeInfo.swift */ = {isa = PBXFileReference; fileEncoding = 4; lastKnownFileType = sourcecode.swift; path = EntityAttributeInfo.swift; sourceTree = "<group>"; };
		2DA77EE028256F16007EC3E5 /* BaseServices.swift */ = {isa = PBXFileReference; fileEncoding = 4; lastKnownFileType = sourcecode.swift; path = BaseServices.swift; sourceTree = "<group>"; };
		2DA77EE428256F52007EC3E5 /* ColumnsModel.swift */ = {isa = PBXFileReference; lastKnownFileType = sourcecode.swift; path = ColumnsModel.swift; sourceTree = "<group>"; };
		2DA77EE72825716A007EC3E5 /* ModelsModel.swift */ = {isa = PBXFileReference; lastKnownFileType = sourcecode.swift; path = ModelsModel.swift; sourceTree = "<group>"; };
		2DA77EEA2825721B007EC3E5 /* ValuesModel.swift */ = {isa = PBXFileReference; lastKnownFileType = sourcecode.swift; path = ValuesModel.swift; sourceTree = "<group>"; };
		2DA77EEE282576AA007EC3E5 /* ImportView.swift */ = {isa = PBXFileReference; fileEncoding = 4; lastKnownFileType = sourcecode.swift; path = ImportView.swift; sourceTree = "<group>"; };
		2DA77EF728257B97007EC3E5 /* CSV_Importer.swift */ = {isa = PBXFileReference; lastKnownFileType = sourcecode.swift; path = CSV_Importer.swift; sourceTree = "<group>"; };
		2DA77EFB28258384007EC3E5 /* Extensions.swift */ = {isa = PBXFileReference; lastKnownFileType = sourcecode.swift; path = Extensions.swift; sourceTree = "<group>"; };
		2DA77EFE28266B32007EC3E5 /* FilesModel.swift */ = {isa = PBXFileReference; lastKnownFileType = sourcecode.swift; path = FilesModel.swift; sourceTree = "<group>"; };
		2DA77F012827E1DD007EC3E5 /* ModelsView.swift */ = {isa = PBXFileReference; lastKnownFileType = sourcecode.swift; path = ModelsView.swift; sourceTree = "<group>"; };
/* End PBXFileReference section */

/* Begin PBXFrameworksBuildPhase section */
		2D0B855B282565BF00856BCB /* Frameworks */ = {
			isa = PBXFrameworksBuildPhase;
			buildActionMask = 2147483647;
			files = (
				2DA77EF328257710007EC3E5 /* CSV in Frameworks */,
			);
			runOnlyForDeploymentPostprocessing = 0;
		};
		2D0B8561282565BF00856BCB /* Frameworks */ = {
			isa = PBXFrameworksBuildPhase;
			buildActionMask = 2147483647;
			files = (
				2DA77EF628257732007EC3E5 /* CSV in Frameworks */,
			);
			runOnlyForDeploymentPostprocessing = 0;
		};
/* End PBXFrameworksBuildPhase section */

/* Begin PBXGroup section */
		2D0B854E282565BD00856BCB = {
			isa = PBXGroup;
			children = (
				2D0B8553282565BD00856BCB /* Shared */,
				2D0B8565282565BF00856BCB /* macOS */,
				2D0B855F282565BF00856BCB /* Products */,
			);
			sourceTree = "<group>";
		};
		2D0B8553282565BD00856BCB /* Shared */ = {
			isa = PBXGroup;
			children = (
				2D1C929A282916EE0013585F /* MLModels */,
				2DA77EFA28258370007EC3E5 /* Extensions */,
				2DA77EED28257693007EC3E5 /* Views */,
				2DA77EE328256F34007EC3E5 /* Classes */,
				2DA77EDC28256EFA007EC3E5 /* Structs */,
				2DA77ED828256EC8007EC3E5 /* Protocols */,
				2DA77ED128256E6A007EC3E5 /* GenericClasses */,
				2D0B8556282565BD00856BCB /* PartChurn_PredictorApp.swift */,
				2D0B8558282565BD00856BCB /* Persistence.swift */,
				2D0B8559282565BF00856BCB /* Assets.xcassets */,
				2D0B8554282565BD00856BCB /* PartChurn_Predictor.xcdatamodeld */,
			);
			path = Shared;
			sourceTree = "<group>";
		};
		2D0B855F282565BF00856BCB /* Products */ = {
			isa = PBXGroup;
			children = (
				2D0B855E282565BF00856BCB /* PartChurn Predictor.app */,
				2D0B8564282565BF00856BCB /* PartChurn Predictor.app */,
			);
			name = Products;
			sourceTree = "<group>";
		};
		2D0B8565282565BF00856BCB /* macOS */ = {
			isa = PBXGroup;
			children = (
				2D0B8566282565BF00856BCB /* macOS.entitlements */,
			);
			path = macOS;
			sourceTree = "<group>";
		};
		2D1C929A282916EE0013585F /* MLModels */ = {
			isa = PBXGroup;
			children = (
				2D1A9EF928295DEA00639143 /* MarsHabitatPricer.mlmodel */,
				2D1A9EF628295D5B00639143 /* LinearMarsHabitatPricer.mlmodel */,
				2D288AC02829793B0078647E /* Trainer.swift */,
			);
			path = MLModels;
			sourceTree = "<group>";
		};
		2DA77ED128256E6A007EC3E5 /* GenericClasses */ = {
			isa = PBXGroup;
			children = (
				2DA77ED228256E89007EC3E5 /* Model.swift */,
				2DA77ED528256E9D007EC3E5 /* Storage.swift */,
			);
			path = GenericClasses;
			sourceTree = "<group>";
		};
		2DA77ED828256EC8007EC3E5 /* Protocols */ = {
			isa = PBXGroup;
			children = (
				2DA77ED928256EE5007EC3E5 /* GenericViewModel.swift */,
			);
			path = Protocols;
			sourceTree = "<group>";
		};
		2DA77EDC28256EFA007EC3E5 /* Structs */ = {
			isa = PBXGroup;
			children = (
				2DA77EF728257B97007EC3E5 /* CSV_Importer.swift */,
				2DA77EE028256F16007EC3E5 /* BaseServices.swift */,
				2DA77EDD28256F09007EC3E5 /* EntityAttributeInfo.swift */,
			);
			path = Structs;
			sourceTree = "<group>";
		};
		2DA77EE328256F34007EC3E5 /* Classes */ = {
			isa = PBXGroup;
			children = (
				2DA77EE428256F52007EC3E5 /* ColumnsModel.swift */,
				2DA77EE72825716A007EC3E5 /* ModelsModel.swift */,
				2DA77EEA2825721B007EC3E5 /* ValuesModel.swift */,
				2DA77EFE28266B32007EC3E5 /* FilesModel.swift */,
			);
			path = Classes;
			sourceTree = "<group>";
		};
		2DA77EED28257693007EC3E5 /* Views */ = {
			isa = PBXGroup;
			children = (
				2DA77EEE282576AA007EC3E5 /* ImportView.swift */,
				2DA77EBD282569DC007EC3E5 /* DirectoryView.swift */,
				2DA77F012827E1DD007EC3E5 /* ModelsView.swift */,
			);
			path = Views;
			sourceTree = "<group>";
		};
		2DA77EFA28258370007EC3E5 /* Extensions */ = {
			isa = PBXGroup;
			children = (
				2DA77EFB28258384007EC3E5 /* Extensions.swift */,
			);
			path = Extensions;
			sourceTree = "<group>";
		};
/* End PBXGroup section */

/* Begin PBXNativeTarget section */
		2D0B855D282565BF00856BCB /* PartChurn Predictor (iOS) */ = {
			isa = PBXNativeTarget;
			buildConfigurationList = 2D0B8573282565BF00856BCB /* Build configuration list for PBXNativeTarget "PartChurn Predictor (iOS)" */;
			buildPhases = (
				2D0B855A282565BF00856BCB /* Sources */,
				2D0B855B282565BF00856BCB /* Frameworks */,
				2D0B855C282565BF00856BCB /* Resources */,
			);
			buildRules = (
			);
			dependencies = (
			);
			name = "PartChurn Predictor (iOS)";
			packageProductDependencies = (
				2DA77EF228257710007EC3E5 /* CSV */,
			);
			productName = "PartChurn Predictor (iOS)";
			productReference = 2D0B855E282565BF00856BCB /* PartChurn Predictor.app */;
			productType = "com.apple.product-type.application";
		};
		2D0B8563282565BF00856BCB /* PartChurn Predictor (macOS) */ = {
			isa = PBXNativeTarget;
			buildConfigurationList = 2D0B8576282565BF00856BCB /* Build configuration list for PBXNativeTarget "PartChurn Predictor (macOS)" */;
			buildPhases = (
				2D0B8560282565BF00856BCB /* Sources */,
				2D0B8561282565BF00856BCB /* Frameworks */,
				2D0B8562282565BF00856BCB /* Resources */,
			);
			buildRules = (
			);
			dependencies = (
			);
			name = "PartChurn Predictor (macOS)";
			packageProductDependencies = (
				2DA77EF528257732007EC3E5 /* CSV */,
			);
			productName = "PartChurn Predictor (macOS)";
			productReference = 2D0B8564282565BF00856BCB /* PartChurn Predictor.app */;
			productType = "com.apple.product-type.application";
		};
/* End PBXNativeTarget section */

/* Begin PBXProject section */
		2D0B854F282565BD00856BCB /* Project object */ = {
			isa = PBXProject;
			attributes = {
				BuildIndependentTargetsInParallel = 1;
				LastSwiftUpdateCheck = 1330;
				LastUpgradeCheck = 1330;
				TargetAttributes = {
					2D0B855D282565BF00856BCB = {
						CreatedOnToolsVersion = 13.3.1;
					};
					2D0B8563282565BF00856BCB = {
						CreatedOnToolsVersion = 13.3.1;
					};
				};
			};
			buildConfigurationList = 2D0B8552282565BD00856BCB /* Build configuration list for PBXProject "PartChurn Predictor" */;
			compatibilityVersion = "Xcode 13.0";
			developmentRegion = en;
			hasScannedForEncodings = 0;
			knownRegions = (
				en,
				Base,
			);
			mainGroup = 2D0B854E282565BD00856BCB;
			packageReferences = (
				2DA77EF128257710007EC3E5 /* XCRemoteSwiftPackageReference "CSV.swift" */,
				2DA77EF428257732007EC3E5 /* XCRemoteSwiftPackageReference "CSV.swift" */,
			);
			productRefGroup = 2D0B855F282565BF00856BCB /* Products */;
			projectDirPath = "";
			projectRoot = "";
			targets = (
				2D0B855D282565BF00856BCB /* PartChurn Predictor (iOS) */,
				2D0B8563282565BF00856BCB /* PartChurn Predictor (macOS) */,
			);
		};
/* End PBXProject section */

/* Begin PBXResourcesBuildPhase section */
		2D0B855C282565BF00856BCB /* Resources */ = {
			isa = PBXResourcesBuildPhase;
			buildActionMask = 2147483647;
			files = (
				2D0B856F282565BF00856BCB /* Assets.xcassets in Resources */,
			);
			runOnlyForDeploymentPostprocessing = 0;
		};
		2D0B8562282565BF00856BCB /* Resources */ = {
			isa = PBXResourcesBuildPhase;
			buildActionMask = 2147483647;
			files = (
				2D0B8570282565BF00856BCB /* Assets.xcassets in Resources */,
			);
			runOnlyForDeploymentPostprocessing = 0;
		};
/* End PBXResourcesBuildPhase section */

/* Begin PBXSourcesBuildPhase section */
		2D0B855A282565BF00856BCB /* Sources */ = {
			isa = PBXSourcesBuildPhase;
			buildActionMask = 2147483647;
			files = (
				2DA77EE82825716A007EC3E5 /* ModelsModel.swift in Sources */,
				2DA77ED328256E8A007EC3E5 /* Model.swift in Sources */,
				2DA77EF828257B97007EC3E5 /* CSV_Importer.swift in Sources */,
				2DA77EDE28256F09007EC3E5 /* EntityAttributeInfo.swift in Sources */,
				2DA77EE128256F16007EC3E5 /* BaseServices.swift in Sources */,
				2DA77EBE282569DC007EC3E5 /* DirectoryView.swift in Sources */,
				2D0B8569282565BF00856BCB /* PartChurn_PredictorApp.swift in Sources */,
				2DA77EE528256F52007EC3E5 /* ColumnsModel.swift in Sources */,
				2D0B856D282565BF00856BCB /* Persistence.swift in Sources */,
				2D0B8567282565BF00856BCB /* PartChurn_Predictor.xcdatamodeld in Sources */,
				2DA77EFC28258384007EC3E5 /* Extensions.swift in Sources */,
				2DA77EEF282576AA007EC3E5 /* ImportView.swift in Sources */,
				2D1A9EF728295D5B00639143 /* LinearMarsHabitatPricer.mlmodel in Sources */,
				2D1A9EFA28295DEA00639143 /* MarsHabitatPricer.mlmodel in Sources */,
				2D288AC12829793B0078647E /* Trainer.swift in Sources */,
				2DA77EEB2825721B007EC3E5 /* ValuesModel.swift in Sources */,
				2DA77F022827E1DD007EC3E5 /* ModelsView.swift in Sources */,
				2DA77EDA28256EE5007EC3E5 /* GenericViewModel.swift in Sources */,
				2DA77ED628256E9D007EC3E5 /* Storage.swift in Sources */,
				2DA77EFF28266B32007EC3E5 /* FilesModel.swift in Sources */,
			);
			runOnlyForDeploymentPostprocessing = 0;
		};
		2D0B8560282565BF00856BCB /* Sources */ = {
			isa = PBXSourcesBuildPhase;
			buildActionMask = 2147483647;
			files = (
				2DA77EE92825716A007EC3E5 /* ModelsModel.swift in Sources */,
				2DA77ED428256E8A007EC3E5 /* Model.swift in Sources */,
				2DA77EF928257B97007EC3E5 /* CSV_Importer.swift in Sources */,
				2DA77EDF28256F09007EC3E5 /* EntityAttributeInfo.swift in Sources */,
				2DA77EE228256F16007EC3E5 /* BaseServices.swift in Sources */,
				2DA77EBF282569DC007EC3E5 /* DirectoryView.swift in Sources */,
				2D0B856A282565BF00856BCB /* PartChurn_PredictorApp.swift in Sources */,
				2DA77EE628256F52007EC3E5 /* ColumnsModel.swift in Sources */,
				2D0B856E282565BF00856BCB /* Persistence.swift in Sources */,
				2D0B8568282565BF00856BCB /* PartChurn_Predictor.xcdatamodeld in Sources */,
				2DA77EFD28258384007EC3E5 /* Extensions.swift in Sources */,
				2DA77EF0282576AA007EC3E5 /* ImportView.swift in Sources */,
				2D1A9EF828295D5B00639143 /* LinearMarsHabitatPricer.mlmodel in Sources */,
				2D1A9EFB28295DEA00639143 /* MarsHabitatPricer.mlmodel in Sources */,
				2D288AC22829793B0078647E /* Trainer.swift in Sources */,
				2DA77EEC2825721B007EC3E5 /* ValuesModel.swift in Sources */,
				2DA77F032827E1DD007EC3E5 /* ModelsView.swift in Sources */,
				2DA77EDB28256EE5007EC3E5 /* GenericViewModel.swift in Sources */,
				2DA77ED728256E9D007EC3E5 /* Storage.swift in Sources */,
				2DA77F0028266B32007EC3E5 /* FilesModel.swift in Sources */,
			);
			runOnlyForDeploymentPostprocessing = 0;
		};
/* End PBXSourcesBuildPhase section */

/* Begin XCBuildConfiguration section */
		2D0B8571282565BF00856BCB /* Debug */ = {
			isa = XCBuildConfiguration;
			buildSettings = {
				ALWAYS_SEARCH_USER_PATHS = NO;
				CLANG_ANALYZER_NONNULL = YES;
				CLANG_ANALYZER_NUMBER_OBJECT_CONVERSION = YES_AGGRESSIVE;
				CLANG_CXX_LANGUAGE_STANDARD = "gnu++17";
				CLANG_ENABLE_MODULES = YES;
				CLANG_ENABLE_OBJC_ARC = YES;
				CLANG_ENABLE_OBJC_WEAK = YES;
				CLANG_WARN_BLOCK_CAPTURE_AUTORELEASING = YES;
				CLANG_WARN_BOOL_CONVERSION = YES;
				CLANG_WARN_COMMA = YES;
				CLANG_WARN_CONSTANT_CONVERSION = YES;
				CLANG_WARN_DEPRECATED_OBJC_IMPLEMENTATIONS = YES;
				CLANG_WARN_DIRECT_OBJC_ISA_USAGE = YES_ERROR;
				CLANG_WARN_DOCUMENTATION_COMMENTS = YES;
				CLANG_WARN_EMPTY_BODY = YES;
				CLANG_WARN_ENUM_CONVERSION = YES;
				CLANG_WARN_INFINITE_RECURSION = YES;
				CLANG_WARN_INT_CONVERSION = YES;
				CLANG_WARN_NON_LITERAL_NULL_CONVERSION = YES;
				CLANG_WARN_OBJC_IMPLICIT_RETAIN_SELF = YES;
				CLANG_WARN_OBJC_LITERAL_CONVERSION = YES;
				CLANG_WARN_OBJC_ROOT_CLASS = YES_ERROR;
				CLANG_WARN_QUOTED_INCLUDE_IN_FRAMEWORK_HEADER = YES;
				CLANG_WARN_RANGE_LOOP_ANALYSIS = YES;
				CLANG_WARN_STRICT_PROTOTYPES = YES;
				CLANG_WARN_SUSPICIOUS_MOVE = YES;
				CLANG_WARN_UNGUARDED_AVAILABILITY = YES_AGGRESSIVE;
				CLANG_WARN_UNREACHABLE_CODE = YES;
				CLANG_WARN__DUPLICATE_METHOD_MATCH = YES;
				COPY_PHASE_STRIP = NO;
				DEBUG_INFORMATION_FORMAT = dwarf;
				ENABLE_STRICT_OBJC_MSGSEND = YES;
				ENABLE_TESTABILITY = YES;
				GCC_C_LANGUAGE_STANDARD = gnu11;
				GCC_DYNAMIC_NO_PIC = NO;
				GCC_NO_COMMON_BLOCKS = YES;
				GCC_OPTIMIZATION_LEVEL = 0;
				GCC_PREPROCESSOR_DEFINITIONS = (
					"DEBUG=1",
					"$(inherited)",
				);
				GCC_WARN_64_TO_32_BIT_CONVERSION = YES;
				GCC_WARN_ABOUT_RETURN_TYPE = YES_ERROR;
				GCC_WARN_UNDECLARED_SELECTOR = YES;
				GCC_WARN_UNINITIALIZED_AUTOS = YES_AGGRESSIVE;
				GCC_WARN_UNUSED_FUNCTION = YES;
				GCC_WARN_UNUSED_VARIABLE = YES;
				MTL_ENABLE_DEBUG_INFO = INCLUDE_SOURCE;
				MTL_FAST_MATH = YES;
				ONLY_ACTIVE_ARCH = YES;
				SWIFT_ACTIVE_COMPILATION_CONDITIONS = DEBUG;
				SWIFT_OPTIMIZATION_LEVEL = "-Onone";
			};
			name = Debug;
		};
		2D0B8572282565BF00856BCB /* Release */ = {
			isa = XCBuildConfiguration;
			buildSettings = {
				ALWAYS_SEARCH_USER_PATHS = NO;
				CLANG_ANALYZER_NONNULL = YES;
				CLANG_ANALYZER_NUMBER_OBJECT_CONVERSION = YES_AGGRESSIVE;
				CLANG_CXX_LANGUAGE_STANDARD = "gnu++17";
				CLANG_ENABLE_MODULES = YES;
				CLANG_ENABLE_OBJC_ARC = YES;
				CLANG_ENABLE_OBJC_WEAK = YES;
				CLANG_WARN_BLOCK_CAPTURE_AUTORELEASING = YES;
				CLANG_WARN_BOOL_CONVERSION = YES;
				CLANG_WARN_COMMA = YES;
				CLANG_WARN_CONSTANT_CONVERSION = YES;
				CLANG_WARN_DEPRECATED_OBJC_IMPLEMENTATIONS = YES;
				CLANG_WARN_DIRECT_OBJC_ISA_USAGE = YES_ERROR;
				CLANG_WARN_DOCUMENTATION_COMMENTS = YES;
				CLANG_WARN_EMPTY_BODY = YES;
				CLANG_WARN_ENUM_CONVERSION = YES;
				CLANG_WARN_INFINITE_RECURSION = YES;
				CLANG_WARN_INT_CONVERSION = YES;
				CLANG_WARN_NON_LITERAL_NULL_CONVERSION = YES;
				CLANG_WARN_OBJC_IMPLICIT_RETAIN_SELF = YES;
				CLANG_WARN_OBJC_LITERAL_CONVERSION = YES;
				CLANG_WARN_OBJC_ROOT_CLASS = YES_ERROR;
				CLANG_WARN_QUOTED_INCLUDE_IN_FRAMEWORK_HEADER = YES;
				CLANG_WARN_RANGE_LOOP_ANALYSIS = YES;
				CLANG_WARN_STRICT_PROTOTYPES = YES;
				CLANG_WARN_SUSPICIOUS_MOVE = YES;
				CLANG_WARN_UNGUARDED_AVAILABILITY = YES_AGGRESSIVE;
				CLANG_WARN_UNREACHABLE_CODE = YES;
				CLANG_WARN__DUPLICATE_METHOD_MATCH = YES;
				COPY_PHASE_STRIP = NO;
				DEBUG_INFORMATION_FORMAT = "dwarf-with-dsym";
				ENABLE_NS_ASSERTIONS = NO;
				ENABLE_STRICT_OBJC_MSGSEND = YES;
				GCC_C_LANGUAGE_STANDARD = gnu11;
				GCC_NO_COMMON_BLOCKS = YES;
				GCC_WARN_64_TO_32_BIT_CONVERSION = YES;
				GCC_WARN_ABOUT_RETURN_TYPE = YES_ERROR;
				GCC_WARN_UNDECLARED_SELECTOR = YES;
				GCC_WARN_UNINITIALIZED_AUTOS = YES_AGGRESSIVE;
				GCC_WARN_UNUSED_FUNCTION = YES;
				GCC_WARN_UNUSED_VARIABLE = YES;
				MTL_ENABLE_DEBUG_INFO = NO;
				MTL_FAST_MATH = YES;
				SWIFT_COMPILATION_MODE = wholemodule;
				SWIFT_OPTIMIZATION_LEVEL = "-O";
			};
			name = Release;
		};
		2D0B8574282565BF00856BCB /* Debug */ = {
			isa = XCBuildConfiguration;
			buildSettings = {
				ASSETCATALOG_COMPILER_APPICON_NAME = AppIcon;
				ASSETCATALOG_COMPILER_GLOBAL_ACCENT_COLOR_NAME = AccentColor;
				CODE_SIGN_STYLE = Automatic;
				CURRENT_PROJECT_VERSION = 1;
				DEVELOPMENT_TEAM = LSTXQY64N9;
				ENABLE_PREVIEWS = YES;
				GENERATE_INFOPLIST_FILE = YES;
				INFOPLIST_KEY_UIApplicationSceneManifest_Generation = YES;
				INFOPLIST_KEY_UIApplicationSupportsIndirectInputEvents = YES;
				INFOPLIST_KEY_UILaunchScreen_Generation = YES;
				INFOPLIST_KEY_UISupportedInterfaceOrientations_iPad = "UIInterfaceOrientationPortrait UIInterfaceOrientationPortraitUpsideDown UIInterfaceOrientationLandscapeLeft UIInterfaceOrientationLandscapeRight";
				INFOPLIST_KEY_UISupportedInterfaceOrientations_iPhone = "UIInterfaceOrientationPortrait UIInterfaceOrientationLandscapeLeft UIInterfaceOrientationLandscapeRight";
				IPHONEOS_DEPLOYMENT_TARGET = 15.4;
				LD_RUNPATH_SEARCH_PATHS = (
					"$(inherited)",
					"@executable_path/Frameworks",
				);
				MARKETING_VERSION = 1.0;
				PRODUCT_BUNDLE_IDENTIFIER = "peas.com.PartChurn-Predictor";
				PRODUCT_NAME = "PartChurn Predictor";
				SDKROOT = iphoneos;
				SWIFT_EMIT_LOC_STRINGS = YES;
				SWIFT_VERSION = 5.0;
				TARGETED_DEVICE_FAMILY = "1,2";
			};
			name = Debug;
		};
		2D0B8575282565BF00856BCB /* Release */ = {
			isa = XCBuildConfiguration;
			buildSettings = {
				ASSETCATALOG_COMPILER_APPICON_NAME = AppIcon;
				ASSETCATALOG_COMPILER_GLOBAL_ACCENT_COLOR_NAME = AccentColor;
				CODE_SIGN_STYLE = Automatic;
				CURRENT_PROJECT_VERSION = 1;
				DEVELOPMENT_TEAM = LSTXQY64N9;
				ENABLE_PREVIEWS = YES;
				GENERATE_INFOPLIST_FILE = YES;
				INFOPLIST_KEY_UIApplicationSceneManifest_Generation = YES;
				INFOPLIST_KEY_UIApplicationSupportsIndirectInputEvents = YES;
				INFOPLIST_KEY_UILaunchScreen_Generation = YES;
				INFOPLIST_KEY_UISupportedInterfaceOrientations_iPad = "UIInterfaceOrientationPortrait UIInterfaceOrientationPortraitUpsideDown UIInterfaceOrientationLandscapeLeft UIInterfaceOrientationLandscapeRight";
				INFOPLIST_KEY_UISupportedInterfaceOrientations_iPhone = "UIInterfaceOrientationPortrait UIInterfaceOrientationLandscapeLeft UIInterfaceOrientationLandscapeRight";
				IPHONEOS_DEPLOYMENT_TARGET = 15.4;
				LD_RUNPATH_SEARCH_PATHS = (
					"$(inherited)",
					"@executable_path/Frameworks",
				);
				MARKETING_VERSION = 1.0;
				PRODUCT_BUNDLE_IDENTIFIER = "peas.com.PartChurn-Predictor";
				PRODUCT_NAME = "PartChurn Predictor";
				SDKROOT = iphoneos;
				SWIFT_EMIT_LOC_STRINGS = YES;
				SWIFT_VERSION = 5.0;
				TARGETED_DEVICE_FAMILY = "1,2";
				VALIDATE_PRODUCT = YES;
			};
			name = Release;
		};
		2D0B8577282565BF00856BCB /* Debug */ = {
			isa = XCBuildConfiguration;
			buildSettings = {
				ASSETCATALOG_COMPILER_APPICON_NAME = AppIcon;
				ASSETCATALOG_COMPILER_GLOBAL_ACCENT_COLOR_NAME = AccentColor;
				CODE_SIGN_ENTITLEMENTS = macOS/macOS.entitlements;
				CODE_SIGN_STYLE = Automatic;
				COMBINE_HIDPI_IMAGES = YES;
				CURRENT_PROJECT_VERSION = 1;
				DEVELOPMENT_TEAM = LSTXQY64N9;
				ENABLE_HARDENED_RUNTIME = YES;
				ENABLE_PREVIEWS = YES;
				GENERATE_INFOPLIST_FILE = YES;
				INFOPLIST_KEY_NSHumanReadableCopyright = "";
				LD_RUNPATH_SEARCH_PATHS = (
					"$(inherited)",
					"@executable_path/../Frameworks",
				);
				MACOSX_DEPLOYMENT_TARGET = 12.3;
				MARKETING_VERSION = 1.0;
				PRODUCT_BUNDLE_IDENTIFIER = "peas.com.PartChurn-Predictor";
				PRODUCT_NAME = "PartChurn Predictor";
				SDKROOT = macosx;
				SWIFT_EMIT_LOC_STRINGS = YES;
				SWIFT_VERSION = 5.0;
			};
			name = Debug;
		};
		2D0B8578282565BF00856BCB /* Release */ = {
			isa = XCBuildConfiguration;
			buildSettings = {
				ASSETCATALOG_COMPILER_APPICON_NAME = AppIcon;
				ASSETCATALOG_COMPILER_GLOBAL_ACCENT_COLOR_NAME = AccentColor;
				CODE_SIGN_ENTITLEMENTS = macOS/macOS.entitlements;
				CODE_SIGN_STYLE = Automatic;
				COMBINE_HIDPI_IMAGES = YES;
				CURRENT_PROJECT_VERSION = 1;
				DEVELOPMENT_TEAM = LSTXQY64N9;
				ENABLE_HARDENED_RUNTIME = YES;
				ENABLE_PREVIEWS = YES;
				GENERATE_INFOPLIST_FILE = YES;
				INFOPLIST_KEY_NSHumanReadableCopyright = "";
				LD_RUNPATH_SEARCH_PATHS = (
					"$(inherited)",
					"@executable_path/../Frameworks",
				);
				MACOSX_DEPLOYMENT_TARGET = 12.3;
				MARKETING_VERSION = 1.0;
				PRODUCT_BUNDLE_IDENTIFIER = "peas.com.PartChurn-Predictor";
				PRODUCT_NAME = "PartChurn Predictor";
				SDKROOT = macosx;
				SWIFT_EMIT_LOC_STRINGS = YES;
				SWIFT_VERSION = 5.0;
			};
			name = Release;
		};
/* End XCBuildConfiguration section */

/* Begin XCConfigurationList section */
		2D0B8552282565BD00856BCB /* Build configuration list for PBXProject "PartChurn Predictor" */ = {
			isa = XCConfigurationList;
			buildConfigurations = (
				2D0B8571282565BF00856BCB /* Debug */,
				2D0B8572282565BF00856BCB /* Release */,
			);
			defaultConfigurationIsVisible = 0;
			defaultConfigurationName = Release;
		};
		2D0B8573282565BF00856BCB /* Build configuration list for PBXNativeTarget "PartChurn Predictor (iOS)" */ = {
			isa = XCConfigurationList;
			buildConfigurations = (
				2D0B8574282565BF00856BCB /* Debug */,
				2D0B8575282565BF00856BCB /* Release */,
			);
			defaultConfigurationIsVisible = 0;
			defaultConfigurationName = Release;
		};
		2D0B8576282565BF00856BCB /* Build configuration list for PBXNativeTarget "PartChurn Predictor (macOS)" */ = {
			isa = XCConfigurationList;
			buildConfigurations = (
				2D0B8577282565BF00856BCB /* Debug */,
				2D0B8578282565BF00856BCB /* Release */,
			);
			defaultConfigurationIsVisible = 0;
			defaultConfigurationName = Release;
		};
/* End XCConfigurationList section */

/* Begin XCRemoteSwiftPackageReference section */
		2DA77EF128257710007EC3E5 /* XCRemoteSwiftPackageReference "CSV.swift" */ = {
			isa = XCRemoteSwiftPackageReference;
			repositoryURL = "https://github.com/yaslab/CSV.swift.git";
			requirement = {
				kind = upToNextMajorVersion;
				minimumVersion = 2.0.0;
			};
		};
		2DA77EF428257732007EC3E5 /* XCRemoteSwiftPackageReference "CSV.swift" */ = {
			isa = XCRemoteSwiftPackageReference;
			repositoryURL = "https://github.com/yaslab/CSV.swift.git";
			requirement = {
				branch = master;
				kind = branch;
			};
		};
/* End XCRemoteSwiftPackageReference section */

/* Begin XCSwiftPackageProductDependency section */
		2DA77EF228257710007EC3E5 /* CSV */ = {
			isa = XCSwiftPackageProductDependency;
			package = 2DA77EF128257710007EC3E5 /* XCRemoteSwiftPackageReference "CSV.swift" */;
			productName = CSV;
		};
		2DA77EF528257732007EC3E5 /* CSV */ = {
			isa = XCSwiftPackageProductDependency;
			package = 2DA77EF428257732007EC3E5 /* XCRemoteSwiftPackageReference "CSV.swift" */;
			productName = CSV;
		};
/* End XCSwiftPackageProductDependency section */

/* Begin XCVersionGroup section */
		2D0B8554282565BD00856BCB /* PartChurn_Predictor.xcdatamodeld */ = {
			isa = XCVersionGroup;
			children = (
				2D0B8555282565BD00856BCB /* Shared.xcdatamodel */,
			);
			currentVersion = 2D0B8555282565BD00856BCB /* Shared.xcdatamodel */;
			path = PartChurn_Predictor.xcdatamodeld;
			sourceTree = "<group>";
			versionGroupType = wrapper.xcdatamodel;
		};
/* End XCVersionGroup section */
	};
	rootObject = 2D0B854F282565BD00856BCB /* Project object */;
}
